# This file was autogenerated by Stack.
# You should not edit this file by hand.
# For more information, please see the documentation at:
#   https://docs.haskellstack.org/en/stable/topics/lock_files

packages: []
snapshots:
- completed:
    sha256: e9e41fa6ceba9911de922014632ed66aa6f87af0cf92fc54f0e1835176a5be06
    size: 732456
    url: https://raw.githubusercontent.com/commercialhaskell/stackage-snapshots/master/lts/24/45.yaml
  original: lts-24.45
